
Microsoft Visual Studio Solution File, Format Version 12.00
# Visual Studio Version 16
VisualStudioVersion = 16.0.30204.135
MinimumVisualStudioVersion = 10.0.40219.1
Project("{FAE04EC0-301F-11D3-BF4B-00C04F79EFBC}") = "LibraryHomework", "LibraryHomework\LibraryHomework.csproj", "{3820E86C-B2AB-4267-818F-38D6E199AA52}"
EndProject
Global
	GlobalSection(SolutionConfigurationPlatforms) = preSolution
		Debug|Any CPU = Debug|Any CPU
		Release|Any CPU = Release|Any CPU
	EndGlobalSection
	GlobalSection(ProjectConfigurationPlatforms) = postSolution
		{3820E86C-B2AB-4267-818F-38D6E199AA52}.Debug|Any CPU.ActiveCfg = Debug|Any CPU
		{3820E86C-B2AB-4267-818F-38D6E199AA52}.Debug|Any CPU.Build.0 = Debug|Any CPU
		{3820E86C-B2AB-4267-818F-38D6E199AA52}.Release|Any CPU.ActiveCfg = Release|Any CPU
		{3820E86C-B2AB-4267-818F-38D6E199AA52}.Release|Any CPU.Build.0 = Release|Any CPU
	EndGlobalSection
	GlobalSection(SolutionProperties) = preSolution
		HideSolutionNode = FALSE
	EndGlobalSection
	GlobalSection(ExtensibilityGlobals) = postSolution
		SolutionGuid = {7C783BE2-DEE9-47B9-8EB0-520CE1E76094}
	EndGlobalSection
EndGlobal
